
Microsoft Visual Studio Solution File, Format Version 12.00
# Visual Studio Version 17
VisualStudioVersion = 17.9.34728.123
MinimumVisualStudioVersion = 10.0.40219.1
Project("{8BC9CEB8-8B4A-11D0-8D11-00A0C91BC942}") = "RyotGame", "RyotGame.vcxproj", "{8FE3D0CF-3E5F-4F8F-9FA3-C14F3435498F}"
EndProject
Global
	GlobalSection(SolutionConfigurationPlatforms) = preSolution
		Debug|x64 = Debug|x64
		Debug|x86 = Debug|x86
		Release|x64 = Release|x64
		Release|x86 = Release|x86
	EndGlobalSection
	GlobalSection(ProjectConfigurationPlatforms) = postSolution
		{8FE3D0CF-3E5F-4F8F-9FA3-C14F3435498F}.Debug|x64.ActiveCfg = Debug|x64
		{8FE3D0CF-3E5F-4F8F-9FA3-C14F3435498F}.Debug|x64.Build.0 = Debug|x64
		{8FE3D0CF-3E5F-4F8F-9FA3-C14F3435498F}.Debug|x86.ActiveCfg = Debug|Win32
		{8FE3D0CF-3E5F-4F8F-9FA3-C14F3435498F}.Debug|x86.Build.0 = Debug|Win32
		{8FE3D0CF-3E5F-4F8F-9FA3-C14F3435498F}.Release|x64.ActiveCfg = Release|x64
		{8FE3D0CF-3E5F-4F8F-9FA3-C14F3435498F}.Release|x64.Build.0 = Release|x64
		{8FE3D0CF-3E5F-4F8F-9FA3-C14F3435498F}.Release|x86.ActiveCfg = Release|Win32
		{8FE3D0CF-3E5F-4F8F-9FA3-C14F3435498F}.Release|x86.Build.0 = Release|Win32
	EndGlobalSection
	GlobalSection(SolutionProperties) = preSolution
		HideSolutionNode = FALSE
	EndGlobalSection
	GlobalSection(ExtensibilityGlobals) = postSolution
		SolutionGuid = {C1D0EF30-7751-4192-981B-DBF1F35BDF51}
	EndGlobalSection
EndGlobal
